
Microsoft Visual Studio Solution File, Format Version 12.00
# Visual Studio Version 17
VisualStudioVersion = 17.0.31521.260
MinimumVisualStudioVersion = 10.0.40219.1
Project("{9A19103F-16F7-4668-BE54-9A1E7A4F7556}") = "HyperVLauncher.Apps.Console", "Apps\HyperVLauncher.Apps.Console\HyperVLauncher.Apps.Console.csproj", "{51A05913-0BDF-41A8-AA60-FBC2F4CC45BE}"
EndProject
Project("{9A19103F-16F7-4668-BE54-9A1E7A4F7556}") = "HyperVLauncher.Contracts", "Contracts\HyperVLauncher.Contracts\HyperVLauncher.Contracts.csproj", "{15B5F66F-DAEE-4085-B41C-7175EA63E47D}"
EndProject
Project("{9A19103F-16F7-4668-BE54-9A1E7A4F7556}") = "HyperVLauncher.Providers.Common", "Providers\HyperVLauncher.Providers.Common\HyperVLauncher.Providers.Common.csproj", "{7A0D5ADC-A338-4433-B3B4-9D2CB9D52EA6}"
EndProject
Project("{9A19103F-16F7-4668-BE54-9A1E7A4F7556}") = "HyperVLauncher.Providers.HyperV", "Providers\HyperVLauncher.Providers.HyperV\HyperVLauncher.Providers.HyperV.csproj", "{329FA771-7DC8-464C-8A7D-AD5098F0FDA4}"
EndProject
Project("{2150E333-8FDC-42A3-9474-1A3956D46DE8}") = "Providers", "Providers", "{815E69A0-71BA-4F1C-B3FC-840F79D299E9}"
EndProject
Project("{2150E333-8FDC-42A3-9474-1A3956D46DE8}") = "Apps", "Apps", "{7DCA7144-E251-463F-9F53-9837154CCED3}"
EndProject
Project("{2150E333-8FDC-42A3-9474-1A3956D46DE8}") = "Contracts", "Contracts", "{690658C1-EB9B-4A39-B2B6-C5ACB5743404}"
EndProject
Project("{9A19103F-16F7-4668-BE54-9A1E7A4F7556}") = "HyperVLauncher.Providers.Settings", "Providers\HyperVLauncher.Providers.Settings\HyperVLauncher.Providers.Settings.csproj", "{0199F719-63B4-45D0-A0D3-5F79E5CEE584}"
EndProject
Project("{9A19103F-16F7-4668-BE54-9A1E7A4F7556}") = "HyperVLauncher.Providers.Path", "Providers\HyperVLauncher.Providers.Path\HyperVLauncher.Providers.Path.csproj", "{263D067D-8E84-4EC7-A241-D079F918AF61}"
EndProject
Project("{9A19103F-16F7-4668-BE54-9A1E7A4F7556}") = "HyperVLauncher.Apps.LaunchPad", "Apps\HyperVLauncher.Apps.LaunchPad\HyperVLauncher.Apps.LaunchPad.csproj", "{CD0B64FB-64E1-41F9-B4D3-D1AD0FF63FF6}"
EndProject
Project("{2150E333-8FDC-42A3-9474-1A3956D46DE8}") = "Soultion Items", "Soultion Items", "{DD802C0D-59D3-479A-A13E-B7D209B8BA57}"
EndProject
Project("{2150E333-8FDC-42A3-9474-1A3956D46DE8}") = "Shared Project Files", "Shared Project Files", "{46A6A4F9-9503-4C8F-AC7C-90FE13974BF6}"
	ProjectSection(SolutionItems) = preProject
		Misc\Shared Project Files\App.csproj = Misc\Shared Project Files\App.csproj
		Misc\Shared Project Files\Global.csproj = Misc\Shared Project Files\Global.csproj
		Misc\Shared Project Files\Library.csproj = Misc\Shared Project Files\Library.csproj
	EndProjectSection
EndProject
Project("{9A19103F-16F7-4668-BE54-9A1E7A4F7556}") = "HyperVLauncher.Apps.Tray", "Apps\HyperVLauncher.Apps.Tray\HyperVLauncher.Apps.Tray.csproj", "{155ABA43-309F-4475-852A-A9314CC18C6B}"
EndProject
Project("{9A19103F-16F7-4668-BE54-9A1E7A4F7556}") = "HyperVLauncher.Providers.Ipc", "Providers\HyperVLauncher.Providers.Ipc\HyperVLauncher.Providers.Ipc.csproj", "{5A2D9035-5F77-4EB4-A6E1-E0CBD7611749}"
EndProject
Project("{2150E333-8FDC-42A3-9474-1A3956D46DE8}") = "Setup", "Setup", "{F13DB580-134D-4952-9B69-4AC91DFB71AA}"
EndProject
Project("{54435603-DBB4-11D2-8724-00A0C9A8B90C}") = "HyperVLauncher.Setup", "Setup\HyperVLauncher.Setup\HyperVLauncher.Setup.vdproj", "{E5BEE741-8EEF-4EB7-93F2-15919C2C1834}"
EndProject
Global
	GlobalSection(SolutionConfigurationPlatforms) = preSolution
		Debug|Any CPU = Debug|Any CPU
		Release|Any CPU = Release|Any CPU
	EndGlobalSection
	GlobalSection(ProjectConfigurationPlatforms) = postSolution
		{51A05913-0BDF-41A8-AA60-FBC2F4CC45BE}.Debug|Any CPU.ActiveCfg = Debug|Any CPU
		{51A05913-0BDF-41A8-AA60-FBC2F4CC45BE}.Debug|Any CPU.Build.0 = Debug|Any CPU
		{51A05913-0BDF-41A8-AA60-FBC2F4CC45BE}.Release|Any CPU.ActiveCfg = Release|Any CPU
		{51A05913-0BDF-41A8-AA60-FBC2F4CC45BE}.Release|Any CPU.Build.0 = Release|Any CPU
		{15B5F66F-DAEE-4085-B41C-7175EA63E47D}.Debug|Any CPU.ActiveCfg = Debug|Any CPU
		{15B5F66F-DAEE-4085-B41C-7175EA63E47D}.Debug|Any CPU.Build.0 = Debug|Any CPU
		{15B5F66F-DAEE-4085-B41C-7175EA63E47D}.Release|Any CPU.ActiveCfg = Release|Any CPU
		{15B5F66F-DAEE-4085-B41C-7175EA63E47D}.Release|Any CPU.Build.0 = Release|Any CPU
		{7A0D5ADC-A338-4433-B3B4-9D2CB9D52EA6}.Debug|Any CPU.ActiveCfg = Debug|Any CPU
		{7A0D5ADC-A338-4433-B3B4-9D2CB9D52EA6}.Debug|Any CPU.Build.0 = Debug|Any CPU
		{7A0D5ADC-A338-4433-B3B4-9D2CB9D52EA6}.Release|Any CPU.ActiveCfg = Release|Any CPU
		{7A0D5ADC-A338-4433-B3B4-9D2CB9D52EA6}.Release|Any CPU.Build.0 = Release|Any CPU
		{329FA771-7DC8-464C-8A7D-AD5098F0FDA4}.Debug|Any CPU.ActiveCfg = Debug|Any CPU
		{329FA771-7DC8-464C-8A7D-AD5098F0FDA4}.Debug|Any CPU.Build.0 = Debug|Any CPU
		{329FA771-7DC8-464C-8A7D-AD5098F0FDA4}.Release|Any CPU.ActiveCfg = Release|Any CPU
		{329FA771-7DC8-464C-8A7D-AD5098F0FDA4}.Release|Any CPU.Build.0 = Release|Any CPU
		{0199F719-63B4-45D0-A0D3-5F79E5CEE584}.Debug|Any CPU.ActiveCfg = Debug|Any CPU
		{0199F719-63B4-45D0-A0D3-5F79E5CEE584}.Debug|Any CPU.Build.0 = Debug|Any CPU
		{0199F719-63B4-45D0-A0D3-5F79E5CEE584}.Release|Any CPU.ActiveCfg = Release|Any CPU
		{0199F719-63B4-45D0-A0D3-5F79E5CEE584}.Release|Any CPU.Build.0 = Release|Any CPU
		{263D067D-8E84-4EC7-A241-D079F918AF61}.Debug|Any CPU.ActiveCfg = Debug|Any CPU
		{263D067D-8E84-4EC7-A241-D079F918AF61}.Debug|Any CPU.Build.0 = Debug|Any CPU
		{263D067D-8E84-4EC7-A241-D079F918AF61}.Release|Any CPU.ActiveCfg = Release|Any CPU
		{263D067D-8E84-4EC7-A241-D079F918AF61}.Release|Any CPU.Build.0 = Release|Any CPU
		{CD0B64FB-64E1-41F9-B4D3-D1AD0FF63FF6}.Debug|Any CPU.ActiveCfg = Debug|Any CPU
		{CD0B64FB-64E1-41F9-B4D3-D1AD0FF63FF6}.Debug|Any CPU.Build.0 = Debug|Any CPU
		{CD0B64FB-64E1-41F9-B4D3-D1AD0FF63FF6}.Release|Any CPU.ActiveCfg = Release|Any CPU
		{CD0B64FB-64E1-41F9-B4D3-D1AD0FF63FF6}.Release|Any CPU.Build.0 = Release|Any CPU
		{155ABA43-309F-4475-852A-A9314CC18C6B}.Debug|Any CPU.ActiveCfg = Debug|Any CPU
		{155ABA43-309F-4475-852A-A9314CC18C6B}.Debug|Any CPU.Build.0 = Debug|Any CPU
		{155ABA43-309F-4475-852A-A9314CC18C6B}.Release|Any CPU.ActiveCfg = Release|Any CPU
		{155ABA43-309F-4475-852A-A9314CC18C6B}.Release|Any CPU.Build.0 = Release|Any CPU
		{5A2D9035-5F77-4EB4-A6E1-E0CBD7611749}.Debug|Any CPU.ActiveCfg = Debug|Any CPU
		{5A2D9035-5F77-4EB4-A6E1-E0CBD7611749}.Debug|Any CPU.Build.0 = Debug|Any CPU
		{5A2D9035-5F77-4EB4-A6E1-E0CBD7611749}.Release|Any CPU.ActiveCfg = Release|Any CPU
		{5A2D9035-5F77-4EB4-A6E1-E0CBD7611749}.Release|Any CPU.Build.0 = Release|Any CPU
		{E5BEE741-8EEF-4EB7-93F2-15919C2C1834}.Debug|Any CPU.ActiveCfg = Debug
		{E5BEE741-8EEF-4EB7-93F2-15919C2C1834}.Release|Any CPU.ActiveCfg = Release
	EndGlobalSection
	GlobalSection(SolutionProperties) = preSolution
		HideSolutionNode = FALSE
	EndGlobalSection
	GlobalSection(NestedProjects) = preSolution
		{51A05913-0BDF-41A8-AA60-FBC2F4CC45BE} = {7DCA7144-E251-463F-9F53-9837154CCED3}
		{15B5F66F-DAEE-4085-B41C-7175EA63E47D} = {690658C1-EB9B-4A39-B2B6-C5ACB5743404}
		{7A0D5ADC-A338-4433-B3B4-9D2CB9D52EA6} = {815E69A0-71BA-4F1C-B3FC-840F79D299E9}
		{329FA771-7DC8-464C-8A7D-AD5098F0FDA4} = {815E69A0-71BA-4F1C-B3FC-840F79D299E9}
		{0199F719-63B4-45D0-A0D3-5F79E5CEE584} = {815E69A0-71BA-4F1C-B3FC-840F79D299E9}
		{263D067D-8E84-4EC7-A241-D079F918AF61} = {815E69A0-71BA-4F1C-B3FC-840F79D299E9}
		{CD0B64FB-64E1-41F9-B4D3-D1AD0FF63FF6} = {7DCA7144-E251-463F-9F53-9837154CCED3}
		{46A6A4F9-9503-4C8F-AC7C-90FE13974BF6} = {DD802C0D-59D3-479A-A13E-B7D209B8BA57}
		{155ABA43-309F-4475-852A-A9314CC18C6B} = {7DCA7144-E251-463F-9F53-9837154CCED3}
		{5A2D9035-5F77-4EB4-A6E1-E0CBD7611749} = {815E69A0-71BA-4F1C-B3FC-840F79D299E9}
		{E5BEE741-8EEF-4EB7-93F2-15919C2C1834} = {F13DB580-134D-4952-9B69-4AC91DFB71AA}
	EndGlobalSection
	GlobalSection(ExtensibilityGlobals) = postSolution
		SolutionGuid = {B641A9CA-559C-474E-ACD7-F94421915AB2}
	EndGlobalSection
EndGlobal
